
Microsoft Visual Studio Solution File, Format Version 11.00
# Visual Studio 2010
Project("{FAE04EC0-301F-11D3-BF4B-00C04F79EFBC}") = "Welcom-to-Planet-Mayhem", "Assembly-CSharp.csproj", "{B6B57764-2FE4-62AE-6D67-92F931425EDD}"
EndProject
Global
	GlobalSection(SolutionConfigurationPlatforms) = preSolution
		Debug|Any CPU = Debug|Any CPU
		Release|Any CPU = Release|Any CPU
	EndGlobalSection
	GlobalSection(ProjectConfigurationPlatforms) = postSolution
		{B6B57764-2FE4-62AE-6D67-92F931425EDD}.Debug|Any CPU.ActiveCfg = Debug|Any CPU
		{B6B57764-2FE4-62AE-6D67-92F931425EDD}.Debug|Any CPU.Build.0 = Debug|Any CPU
		{B6B57764-2FE4-62AE-6D67-92F931425EDD}.Release|Any CPU.ActiveCfg = Release|Any CPU
		{B6B57764-2FE4-62AE-6D67-92F931425EDD}.Release|Any CPU.Build.0 = Release|Any CPU
	EndGlobalSection
	GlobalSection(SolutionProperties) = preSolution
		HideSolutionNode = FALSE
	EndGlobalSection
	GlobalSection(MonoDevelopProperties) = preSolution
		StartupItem = Assembly-CSharp.csproj
	EndGlobalSection
EndGlobal
